
Microsoft Visual Studio Solution File, Format Version 12.00
# Visual Studio Version 17
VisualStudioVersion = 17.8.34330.188
MinimumVisualStudioVersion = 10.0.40219.1
Project("{FAE04EC0-301F-11D3-BF4B-00C04F79EFBC}") = "YoutubeDownloader", "YoutubeDownloader\YoutubeDownloader.csproj", "{44FC5C89-7ECB-4A6B-84AA-4D5FC6E1B841}"
EndProject
Global
	GlobalSection(SolutionConfigurationPlatforms) = preSolution
		Debug|Any CPU = Debug|Any CPU
		Release|Any CPU = Release|Any CPU
	EndGlobalSection
	GlobalSection(ProjectConfigurationPlatforms) = postSolution
		{44FC5C89-7ECB-4A6B-84AA-4D5FC6E1B841}.Debug|Any CPU.ActiveCfg = Debug|Any CPU
		{44FC5C89-7ECB-4A6B-84AA-4D5FC6E1B841}.Debug|Any CPU.Build.0 = Debug|Any CPU
		{44FC5C89-7ECB-4A6B-84AA-4D5FC6E1B841}.Release|Any CPU.ActiveCfg = Release|Any CPU
		{44FC5C89-7ECB-4A6B-84AA-4D5FC6E1B841}.Release|Any CPU.Build.0 = Release|Any CPU
	EndGlobalSection
	GlobalSection(SolutionProperties) = preSolution
		HideSolutionNode = FALSE
	EndGlobalSection
	GlobalSection(ExtensibilityGlobals) = postSolution
		SolutionGuid = {387E16A7-C027-4CE1-B056-81213AA8B79B}
	EndGlobalSection
EndGlobal
